
Microsoft Visual Studio Solution File, Format Version 12.00
# Visual Studio Version 17
VisualStudioVersion = 17.4.33213.308
MinimumVisualStudioVersion = 10.0.40219.1
Project("{FAE04EC0-301F-11D3-BF4B-00C04F79EFBC}") = "SistemaDeTarefas", "SistemaDeTarefas\SistemaDeTarefas.csproj", "{FFA3B8FE-17AE-43F9-AEA0-DC6B41D766BF}"
EndProject
Global
	GlobalSection(SolutionConfigurationPlatforms) = preSolution
		Debug|Any CPU = Debug|Any CPU
		Release|Any CPU = Release|Any CPU
	EndGlobalSection
	GlobalSection(ProjectConfigurationPlatforms) = postSolution
		{FFA3B8FE-17AE-43F9-AEA0-DC6B41D766BF}.Debug|Any CPU.ActiveCfg = Debug|Any CPU
		{FFA3B8FE-17AE-43F9-AEA0-DC6B41D766BF}.Debug|Any CPU.Build.0 = Debug|Any CPU
		{FFA3B8FE-17AE-43F9-AEA0-DC6B41D766BF}.Release|Any CPU.ActiveCfg = Release|Any CPU
		{FFA3B8FE-17AE-43F9-AEA0-DC6B41D766BF}.Release|Any CPU.Build.0 = Release|Any CPU
	EndGlobalSection
	GlobalSection(SolutionProperties) = preSolution
		HideSolutionNode = FALSE
	EndGlobalSection
	GlobalSection(ExtensibilityGlobals) = postSolution
		SolutionGuid = {BDB5C0EE-D56B-4803-9535-ED64609E7E36}
	EndGlobalSection
EndGlobal
